
Microsoft Visual Studio Solution File, Format Version 12.00
# Visual Studio 15
VisualStudioVersion = 15.0.27004.2009
MinimumVisualStudioVersion = 10.0.40219.1
Project("{FAE04EC0-301F-11D3-BF4B-00C04F79EFBC}") = "TrafficLightControlDemo", "TrafficLightControlDemo\TrafficLightControlDemo.csproj", "{82DDAB8F-B94D-4E12-9135-21AD94844A1E}"
EndProject
Global
	GlobalSection(SolutionConfigurationPlatforms) = preSolution
		Debug|Any CPU = Debug|Any CPU
		Release|Any CPU = Release|Any CPU
	EndGlobalSection
	GlobalSection(ProjectConfigurationPlatforms) = postSolution
		{82DDAB8F-B94D-4E12-9135-21AD94844A1E}.Debug|Any CPU.ActiveCfg = Debug|Any CPU
		{82DDAB8F-B94D-4E12-9135-21AD94844A1E}.Debug|Any CPU.Build.0 = Debug|Any CPU
		{82DDAB8F-B94D-4E12-9135-21AD94844A1E}.Release|Any CPU.ActiveCfg = Release|Any CPU
		{82DDAB8F-B94D-4E12-9135-21AD94844A1E}.Release|Any CPU.Build.0 = Release|Any CPU
	EndGlobalSection
	GlobalSection(SolutionProperties) = preSolution
		HideSolutionNode = FALSE
	EndGlobalSection
	GlobalSection(ExtensibilityGlobals) = postSolution
		SolutionGuid = {87B1A0D3-FD8D-4D62-A13F-42A0156C9C64}
	EndGlobalSection
EndGlobal
